
Microsoft Visual Studio Solution File, Format Version 12.00
# Visual Studio Version 16
VisualStudioVersion = 16.0.32630.194
MinimumVisualStudioVersion = 10.0.40219.1
Project("{FAE04EC0-301F-11D3-BF4B-00C04F79EFBC}") = "Rate_Limit_In_DotNetCore.WebAPI", "Rate_Limit_In_DotNetCore.WebAPI\Rate_Limit_In_DotNetCore.WebAPI.csproj", "{48989EBF-8301-4935-BC8F-375F460BF5C9}"
EndProject
Global
	GlobalSection(SolutionConfigurationPlatforms) = preSolution
		Debug|Any CPU = Debug|Any CPU
		Release|Any CPU = Release|Any CPU
	EndGlobalSection
	GlobalSection(ProjectConfigurationPlatforms) = postSolution
		{48989EBF-8301-4935-BC8F-375F460BF5C9}.Debug|Any CPU.ActiveCfg = Debug|Any CPU
		{48989EBF-8301-4935-BC8F-375F460BF5C9}.Debug|Any CPU.Build.0 = Debug|Any CPU
		{48989EBF-8301-4935-BC8F-375F460BF5C9}.Release|Any CPU.ActiveCfg = Release|Any CPU
		{48989EBF-8301-4935-BC8F-375F460BF5C9}.Release|Any CPU.Build.0 = Release|Any CPU
	EndGlobalSection
	GlobalSection(SolutionProperties) = preSolution
		HideSolutionNode = FALSE
	EndGlobalSection
	GlobalSection(ExtensibilityGlobals) = postSolution
		SolutionGuid = {C8218C33-DA95-4247-B415-CE1FAABC37AC}
	EndGlobalSection
EndGlobal
